
Microsoft Visual Studio Solution File, Format Version 12.00
# Visual Studio 15
Project("{FAE04EC0-301F-11D3-BF4B-00C04F79EFBC}") = "UnityEngine.UI", "UnityEngine.UI.csproj", "{2A09EF69-8EC7-9CEA-77FB-908D60FE9674}"
EndProject
Project("{FAE04EC0-301F-11D3-BF4B-00C04F79EFBC}") = "Unity.ProBuilder", "Unity.ProBuilder.csproj", "{66284581-A2A8-8625-AAD3-5399FB607961}"
EndProject
Project("{FAE04EC0-301F-11D3-BF4B-00C04F79EFBC}") = "UnityEngine.TestRunner", "UnityEngine.TestRunner.csproj", "{CB4DAA61-0D5F-E42D-F6E9-21C10F59E026}"
EndProject
Project("{FAE04EC0-301F-11D3-BF4B-00C04F79EFBC}") = "Unity.Postprocessing.Runtime", "Unity.Postprocessing.Runtime.csproj", "{8469FD3A-962A-0E06-378F-2AA4027AA35D}"
EndProject
Project("{FAE04EC0-301F-11D3-BF4B-00C04F79EFBC}") = "Unity.RenderPipelines.Universal.Runtime", "Unity.RenderPipelines.Universal.Runtime.csproj", "{80EF3C17-B15E-1FFF-09BF-75834BD1F9E8}"
EndProject
Project("{FAE04EC0-301F-11D3-BF4B-00C04F79EFBC}") = "Assembly-CSharp", "Assembly-CSharp.csproj", "{40B21FED-259B-F0AD-0388-5E04F16AE412}"
EndProject
Project("{FAE04EC0-301F-11D3-BF4B-00C04F79EFBC}") = "Unity.InputSystem", "Unity.InputSystem.csproj", "{722F7C05-7422-3651-4CC6-9A27BFB50963}"
EndProject
Project("{FAE04EC0-301F-11D3-BF4B-00C04F79EFBC}") = "Unity.TextMeshPro", "Unity.TextMeshPro.csproj", "{D19D8C4E-22DF-FAD9-DD4B-7C92673A9F85}"
EndProject
Project("{FAE04EC0-301F-11D3-BF4B-00C04F79EFBC}") = "Unity.Timeline", "Unity.Timeline.csproj", "{49AA335B-D0DD-2688-FB1E-12FF5F9102C9}"
EndProject
Project("{FAE04EC0-301F-11D3-BF4B-00C04F79EFBC}") = "Unity.RenderPipelines.Core.Runtime", "Unity.RenderPipelines.Core.Runtime.csproj", "{81323494-375E-149A-716D-837C27B575F9}"
EndProject
Project("{FAE04EC0-301F-11D3-BF4B-00C04F79EFBC}") = "Unity.ProBuilder.Poly2Tri", "Unity.ProBuilder.Poly2Tri.csproj", "{9D8FBF89-ED1D-9E15-7885-0D4D8C17E684}"
EndProject
Project("{FAE04EC0-301F-11D3-BF4B-00C04F79EFBC}") = "Unity.ProBuilder.KdTree", "Unity.ProBuilder.KdTree.csproj", "{E70DCEBF-EB0F-F24A-FE55-B4CCCE5742A9}"
EndProject
Project("{FAE04EC0-301F-11D3-BF4B-00C04F79EFBC}") = "Unity.ProBuilder.Csg", "Unity.ProBuilder.Csg.csproj", "{21EF3F19-AFD4-E261-F3EE-BE53D5064A42}"
EndProject
Project("{FAE04EC0-301F-11D3-BF4B-00C04F79EFBC}") = "Unity.ProBuilder.Stl", "Unity.ProBuilder.Stl.csproj", "{7D13AFB3-909C-DEE5-9434-6CEA6401453F}"
EndProject
Project("{FAE04EC0-301F-11D3-BF4B-00C04F79EFBC}") = "Unity.ProGrids", "Unity.ProGrids.csproj", "{D397E560-F3FA-777A-B3AE-4EA2322F22B2}"
EndProject
Project("{FAE04EC0-301F-11D3-BF4B-00C04F79EFBC}") = "Unity.RenderPipelines.ShaderGraph.ShaderGraphLibrary", "Unity.RenderPipelines.ShaderGraph.ShaderGraphLibrary.csproj", "{9DB8FA68-9DDE-ACCB-82E6-26A73F076EC0}"
EndProject
Project("{FAE04EC0-301F-11D3-BF4B-00C04F79EFBC}") = "Unity.RenderPipeline.Universal.ShaderLibrary", "Unity.RenderPipeline.Universal.ShaderLibrary.csproj", "{53C0D2EB-D078-74D3-EC86-930A271A8905}"
EndProject
Project("{FAE04EC0-301F-11D3-BF4B-00C04F79EFBC}") = "Unity.RenderPipelines.Core.ShaderLibrary", "Unity.RenderPipelines.Core.ShaderLibrary.csproj", "{6D863004-41C0-8025-0D77-A3E107A708B5}"
EndProject
Project("{FAE04EC0-301F-11D3-BF4B-00C04F79EFBC}") = "Unity.RenderPipelines.Universal.Shaders", "Unity.RenderPipelines.Universal.Shaders.csproj", "{29B6E014-835A-D71F-22A9-5810ED9B5362}"
EndProject
Project("{FAE04EC0-301F-11D3-BF4B-00C04F79EFBC}") = "Unity.ProBuilder.Editor", "Unity.ProBuilder.Editor.csproj", "{1BE559B4-3BDB-D094-6F3C-7F41F05BFFDD}"
EndProject
Project("{FAE04EC0-301F-11D3-BF4B-00C04F79EFBC}") = "Unity.ShaderGraph.Editor", "Unity.ShaderGraph.Editor.csproj", "{5EB30014-F97F-03FE-B5B8-BFF4A24E8001}"
EndProject
Project("{FAE04EC0-301F-11D3-BF4B-00C04F79EFBC}") = "Unity.TextMeshPro.Editor", "Unity.TextMeshPro.Editor.csproj", "{44B5E2B7-0528-CC07-22D0-74411CDF7A24}"
EndProject
Project("{FAE04EC0-301F-11D3-BF4B-00C04F79EFBC}") = "Unity.Timeline.Editor", "Unity.Timeline.Editor.csproj", "{2086264E-A231-BC76-D723-553A5FB62793}"
EndProject
Project("{FAE04EC0-301F-11D3-BF4B-00C04F79EFBC}") = "Unity.CollabProxy.Editor", "Unity.CollabProxy.Editor.csproj", "{D900C33D-7B8C-7EB8-C057-002C9BB354A9}"
EndProject
Project("{FAE04EC0-301F-11D3-BF4B-00C04F79EFBC}") = "UnityEditor.TestRunner", "UnityEditor.TestRunner.csproj", "{52D9FC8B-612C-D777-4CF1-F8AFEBE8CE46}"
EndProject
Project("{FAE04EC0-301F-11D3-BF4B-00C04F79EFBC}") = "Unity.RenderPipelines.Universal.Editor", "Unity.RenderPipelines.Universal.Editor.csproj", "{0F95C284-417D-F059-EA5B-D6B6553167DE}"
EndProject
Project("{FAE04EC0-301F-11D3-BF4B-00C04F79EFBC}") = "Unity.Settings.Editor", "Unity.Settings.Editor.csproj", "{2B1C8663-7E5E-5BFC-7700-C057C3ADE14B}"
EndProject
Project("{FAE04EC0-301F-11D3-BF4B-00C04F79EFBC}") = "Unity.2D.Sprite.Editor", "Unity.2D.Sprite.Editor.csproj", "{EE40C66A-F647-8D18-9455-FAB78EC6C098}"
EndProject
Project("{FAE04EC0-301F-11D3-BF4B-00C04F79EFBC}") = "Unity.ProGrids.Editor", "Unity.ProGrids.Editor.csproj", "{1913C66C-76E6-5E35-2C88-A20CF3C6B8A1}"
EndProject
Project("{FAE04EC0-301F-11D3-BF4B-00C04F79EFBC}") = "UnityEditor.UI", "UnityEditor.UI.csproj", "{D047AACF-11EB-35A3-F7F3-B63B3FB5CB8D}"
EndProject
Project("{FAE04EC0-301F-11D3-BF4B-00C04F79EFBC}") = "Unity.Rider.Editor", "Unity.Rider.Editor.csproj", "{D6B7F26E-959E-8F8A-E1A1-866AA2879CAD}"
EndProject
Project("{FAE04EC0-301F-11D3-BF4B-00C04F79EFBC}") = "Unity.2D.Tilemap.Editor", "Unity.2D.Tilemap.Editor.csproj", "{6F709768-8499-A655-C3EE-C42A5D1D72BC}"
EndProject
Project("{FAE04EC0-301F-11D3-BF4B-00C04F79EFBC}") = "Unity.VisualStudio.Editor", "Unity.VisualStudio.Editor.csproj", "{D694816B-987C-1BBD-F83F-A899B9DE8E57}"
EndProject
Project("{FAE04EC0-301F-11D3-BF4B-00C04F79EFBC}") = "Unity.RenderPipelines.Core.Editor", "Unity.RenderPipelines.Core.Editor.csproj", "{D51C40EF-3BBC-6DF7-41B1-2088AD5E0CAF}"
EndProject
Project("{FAE04EC0-301F-11D3-BF4B-00C04F79EFBC}") = "Unity.Postprocessing.Editor", "Unity.Postprocessing.Editor.csproj", "{FFED88A3-7A78-C4AF-477E-9625BE6C4051}"
EndProject
Project("{FAE04EC0-301F-11D3-BF4B-00C04F79EFBC}") = "Unity.ProBuilder.AssetIdRemapUtility", "Unity.ProBuilder.AssetIdRemapUtility.csproj", "{1C737D6F-B101-402B-4BC7-BFC6D309E902}"
EndProject
Project("{FAE04EC0-301F-11D3-BF4B-00C04F79EFBC}") = "Unity.VSCode.Editor", "Unity.VSCode.Editor.csproj", "{146649E2-1EB4-B00E-37B7-3A9B05A2CDC4}"
EndProject
Project("{FAE04EC0-301F-11D3-BF4B-00C04F79EFBC}") = "Unity.Searcher.Editor", "Unity.Searcher.Editor.csproj", "{65FE5818-58A0-8A7C-BEBA-08410CD779DE}"
EndProject
Project("{FAE04EC0-301F-11D3-BF4B-00C04F79EFBC}") = "Unity.ShaderGraph.Utilities", "Unity.ShaderGraph.Utilities.csproj", "{089B7A92-265B-6271-309D-7D7C511FABA8}"
EndProject
Project("{FAE04EC0-301F-11D3-BF4B-00C04F79EFBC}") = "Unity.ProBuilder.AddOns.Editor", "Unity.ProBuilder.AddOns.Editor.csproj", "{772C5AE5-6E2E-98D5-A262-D9DD51E7D314}"
EndProject
Project("{FAE04EC0-301F-11D3-BF4B-00C04F79EFBC}") = "UnityEngine.UI", "UnityEngine.UI.Player.csproj", "{45844647-C6BC-A606-AC63-083CA1DDEE65}"
EndProject
Project("{FAE04EC0-301F-11D3-BF4B-00C04F79EFBC}") = "Unity.ProBuilder", "Unity.ProBuilder.Player.csproj", "{B550887F-E5A2-6B80-7FA6-44FD1C0F578B}"
EndProject
Project("{FAE04EC0-301F-11D3-BF4B-00C04F79EFBC}") = "UnityEngine.TestRunner", "UnityEngine.TestRunner.Player.csproj", "{ECC59DBF-4627-11F8-7EFF-6352F57CE367}"
EndProject
Project("{FAE04EC0-301F-11D3-BF4B-00C04F79EFBC}") = "Unity.Postprocessing.Runtime", "Unity.Postprocessing.Runtime.Player.csproj", "{E1F0B46D-C230-D379-64DD-81DB4F881BD3}"
EndProject
Project("{FAE04EC0-301F-11D3-BF4B-00C04F79EFBC}") = "Unity.RenderPipelines.Universal.Runtime", "Unity.RenderPipelines.Universal.Runtime.Player.csproj", "{33CD133F-5161-A5A6-D106-C6D4E5F777EE}"
EndProject
Project("{FAE04EC0-301F-11D3-BF4B-00C04F79EFBC}") = "Assembly-CSharp", "Assembly-CSharp.Player.csproj", "{CE8C64AE-B249-5792-0D51-A09FA88FD940}"
EndProject
Project("{FAE04EC0-301F-11D3-BF4B-00C04F79EFBC}") = "Unity.InputSystem", "Unity.InputSystem.Player.csproj", "{F2C9B08D-9787-F153-897E-7301A935D36A}"
EndProject
Project("{FAE04EC0-301F-11D3-BF4B-00C04F79EFBC}") = "Unity.TextMeshPro", "Unity.TextMeshPro.Player.csproj", "{FAE6C2EB-999A-9A76-993E-3EAB9DA40D22}"
EndProject
Project("{FAE04EC0-301F-11D3-BF4B-00C04F79EFBC}") = "Unity.Timeline", "Unity.Timeline.Player.csproj", "{C5B5B287-7A7F-2762-6EB4-824E6AB7EEB1}"
EndProject
Project("{FAE04EC0-301F-11D3-BF4B-00C04F79EFBC}") = "Unity.RenderPipelines.Core.Runtime", "Unity.RenderPipelines.Core.Runtime.Player.csproj", "{C08E53D1-4630-32D5-DEA6-FB1B15F99F9A}"
EndProject
Project("{FAE04EC0-301F-11D3-BF4B-00C04F79EFBC}") = "Unity.ProBuilder.Poly2Tri", "Unity.ProBuilder.Poly2Tri.Player.csproj", "{42DACE13-C93D-901E-5DEC-97A4D10452E3}"
EndProject
Project("{FAE04EC0-301F-11D3-BF4B-00C04F79EFBC}") = "Unity.ProBuilder.KdTree", "Unity.ProBuilder.KdTree.Player.csproj", "{71259D1C-3ECF-DBC2-28E4-2CE2C3896850}"
EndProject
Project("{FAE04EC0-301F-11D3-BF4B-00C04F79EFBC}") = "Unity.ProBuilder.Csg", "Unity.ProBuilder.Csg.Player.csproj", "{4D164B88-DE8C-9794-6C20-9D8E85D5568E}"
EndProject
Project("{FAE04EC0-301F-11D3-BF4B-00C04F79EFBC}") = "Unity.ProBuilder.Stl", "Unity.ProBuilder.Stl.Player.csproj", "{0D55DFC4-8694-7A41-A301-C80A110B6705}"
EndProject
Project("{FAE04EC0-301F-11D3-BF4B-00C04F79EFBC}") = "Unity.ProGrids", "Unity.ProGrids.Player.csproj", "{4731657C-12DE-A05A-294A-68F2DEBAFD72}"
EndProject
Project("{FAE04EC0-301F-11D3-BF4B-00C04F79EFBC}") = "Unity.RenderPipelines.ShaderGraph.ShaderGraphLibrary", "Unity.RenderPipelines.ShaderGraph.ShaderGraphLibrary.Player.csproj", "{175E4EA4-0F8D-545C-BCBB-11F95A5C65B5}"
EndProject
Project("{FAE04EC0-301F-11D3-BF4B-00C04F79EFBC}") = "Unity.RenderPipeline.Universal.ShaderLibrary", "Unity.RenderPipeline.Universal.ShaderLibrary.Player.csproj", "{7CF289C3-7C91-9331-AA67-B927E52A1E91}"
EndProject
Project("{FAE04EC0-301F-11D3-BF4B-00C04F79EFBC}") = "Unity.RenderPipelines.Core.ShaderLibrary", "Unity.RenderPipelines.Core.ShaderLibrary.Player.csproj", "{B8366DB3-8857-E510-B5A7-F722D5B8AA1A}"
EndProject
Project("{FAE04EC0-301F-11D3-BF4B-00C04F79EFBC}") = "Unity.RenderPipelines.Universal.Shaders", "Unity.RenderPipelines.Universal.Shaders.Player.csproj", "{A9C48373-8519-8077-9FF3-8C1260F8B255}"
EndProject
Global
	GlobalSection(SolutionConfigurationPlatforms) = preSolution
		Debug|Any CPU = Debug|Any CPU
		Release|Any CPU = Release|Any CPU
	EndGlobalSection
	GlobalSection(ProjectConfigurationPlatforms) = postSolution
		{2A09EF69-8EC7-9CEA-77FB-908D60FE9674}.Debug|Any CPU.ActiveCfg = Debug|Any CPU
		{2A09EF69-8EC7-9CEA-77FB-908D60FE9674}.Debug|Any CPU.Build.0 = Debug|Any CPU
		{2A09EF69-8EC7-9CEA-77FB-908D60FE9674}.Release|Any CPU.ActiveCfg = Release|Any CPU
		{2A09EF69-8EC7-9CEA-77FB-908D60FE9674}.Release|Any CPU.Build.0 = Release|Any CPU
		{66284581-A2A8-8625-AAD3-5399FB607961}.Debug|Any CPU.ActiveCfg = Debug|Any CPU
		{66284581-A2A8-8625-AAD3-5399FB607961}.Debug|Any CPU.Build.0 = Debug|Any CPU
		{66284581-A2A8-8625-AAD3-5399FB607961}.Release|Any CPU.ActiveCfg = Release|Any CPU
		{66284581-A2A8-8625-AAD3-5399FB607961}.Release|Any CPU.Build.0 = Release|Any CPU
		{CB4DAA61-0D5F-E42D-F6E9-21C10F59E026}.Debug|Any CPU.ActiveCfg = Debug|Any CPU
		{CB4DAA61-0D5F-E42D-F6E9-21C10F59E026}.Debug|Any CPU.Build.0 = Debug|Any CPU
		{CB4DAA61-0D5F-E42D-F6E9-21C10F59E026}.Release|Any CPU.ActiveCfg = Release|Any CPU
		{CB4DAA61-0D5F-E42D-F6E9-21C10F59E026}.Release|Any CPU.Build.0 = Release|Any CPU
		{8469FD3A-962A-0E06-378F-2AA4027AA35D}.Debug|Any CPU.ActiveCfg = Debug|Any CPU
		{8469FD3A-962A-0E06-378F-2AA4027AA35D}.Debug|Any CPU.Build.0 = Debug|Any CPU
		{8469FD3A-962A-0E06-378F-2AA4027AA35D}.Release|Any CPU.ActiveCfg = Release|Any CPU
		{8469FD3A-962A-0E06-378F-2AA4027AA35D}.Release|Any CPU.Build.0 = Release|Any CPU
		{80EF3C17-B15E-1FFF-09BF-75834BD1F9E8}.Debug|Any CPU.ActiveCfg = Debug|Any CPU
		{80EF3C17-B15E-1FFF-09BF-75834BD1F9E8}.Debug|Any CPU.Build.0 = Debug|Any CPU
		{80EF3C17-B15E-1FFF-09BF-75834BD1F9E8}.Release|Any CPU.ActiveCfg = Release|Any CPU
		{80EF3C17-B15E-1FFF-09BF-75834BD1F9E8}.Release|Any CPU.Build.0 = Release|Any CPU
		{40B21FED-259B-F0AD-0388-5E04F16AE412}.Debug|Any CPU.ActiveCfg = Debug|Any CPU
		{40B21FED-259B-F0AD-0388-5E04F16AE412}.Debug|Any CPU.Build.0 = Debug|Any CPU
		{40B21FED-259B-F0AD-0388-5E04F16AE412}.Release|Any CPU.ActiveCfg = Release|Any CPU
		{40B21FED-259B-F0AD-0388-5E04F16AE412}.Release|Any CPU.Build.0 = Release|Any CPU
		{722F7C05-7422-3651-4CC6-9A27BFB50963}.Debug|Any CPU.ActiveCfg = Debug|Any CPU
		{722F7C05-7422-3651-4CC6-9A27BFB50963}.Debug|Any CPU.Build.0 = Debug|Any CPU
		{722F7C05-7422-3651-4CC6-9A27BFB50963}.Release|Any CPU.ActiveCfg = Release|Any CPU
		{722F7C05-7422-3651-4CC6-9A27BFB50963}.Release|Any CPU.Build.0 = Release|Any CPU
		{D19D8C4E-22DF-FAD9-DD4B-7C92673A9F85}.Debug|Any CPU.ActiveCfg = Debug|Any CPU
		{D19D8C4E-22DF-FAD9-DD4B-7C92673A9F85}.Debug|Any CPU.Build.0 = Debug|Any CPU
		{D19D8C4E-22DF-FAD9-DD4B-7C92673A9F85}.Release|Any CPU.ActiveCfg = Release|Any CPU
		{D19D8C4E-22DF-FAD9-DD4B-7C92673A9F85}.Release|Any CPU.Build.0 = Release|Any CPU
		{49AA335B-D0DD-2688-FB1E-12FF5F9102C9}.Debug|Any CPU.ActiveCfg = Debug|Any CPU
		{49AA335B-D0DD-2688-FB1E-12FF5F9102C9}.Debug|Any CPU.Build.0 = Debug|Any CPU
		{49AA335B-D0DD-2688-FB1E-12FF5F9102C9}.Release|Any CPU.ActiveCfg = Release|Any CPU
		{49AA335B-D0DD-2688-FB1E-12FF5F9102C9}.Release|Any CPU.Build.0 = Release|Any CPU
		{81323494-375E-149A-716D-837C27B575F9}.Debug|Any CPU.ActiveCfg = Debug|Any CPU
		{81323494-375E-149A-716D-837C27B575F9}.Debug|Any CPU.Build.0 = Debug|Any CPU
		{81323494-375E-149A-716D-837C27B575F9}.Release|Any CPU.ActiveCfg = Release|Any CPU
		{81323494-375E-149A-716D-837C27B575F9}.Release|Any CPU.Build.0 = Release|Any CPU
		{9D8FBF89-ED1D-9E15-7885-0D4D8C17E684}.Debug|Any CPU.ActiveCfg = Debug|Any CPU
		{9D8FBF89-ED1D-9E15-7885-0D4D8C17E684}.Debug|Any CPU.Build.0 = Debug|Any CPU
		{9D8FBF89-ED1D-9E15-7885-0D4D8C17E684}.Release|Any CPU.ActiveCfg = Release|Any CPU
		{9D8FBF89-ED1D-9E15-7885-0D4D8C17E684}.Release|Any CPU.Build.0 = Release|Any CPU
		{E70DCEBF-EB0F-F24A-FE55-B4CCCE5742A9}.Debug|Any CPU.ActiveCfg = Debug|Any CPU
		{E70DCEBF-EB0F-F24A-FE55-B4CCCE5742A9}.Debug|Any CPU.Build.0 = Debug|Any CPU
		{E70DCEBF-EB0F-F24A-FE55-B4CCCE5742A9}.Release|Any CPU.ActiveCfg = Release|Any CPU
		{E70DCEBF-EB0F-F24A-FE55-B4CCCE5742A9}.Release|Any CPU.Build.0 = Release|Any CPU
		{21EF3F19-AFD4-E261-F3EE-BE53D5064A42}.Debug|Any CPU.ActiveCfg = Debug|Any CPU
		{21EF3F19-AFD4-E261-F3EE-BE53D5064A42}.Debug|Any CPU.Build.0 = Debug|Any CPU
		{21EF3F19-AFD4-E261-F3EE-BE53D5064A42}.Release|Any CPU.ActiveCfg = Release|Any CPU
		{21EF3F19-AFD4-E261-F3EE-BE53D5064A42}.Release|Any CPU.Build.0 = Release|Any CPU
		{7D13AFB3-909C-DEE5-9434-6CEA6401453F}.Debug|Any CPU.ActiveCfg = Debug|Any CPU
		{7D13AFB3-909C-DEE5-9434-6CEA6401453F}.Debug|Any CPU.Build.0 = Debug|Any CPU
		{7D13AFB3-909C-DEE5-9434-6CEA6401453F}.Release|Any CPU.ActiveCfg = Release|Any CPU
		{7D13AFB3-909C-DEE5-9434-6CEA6401453F}.Release|Any CPU.Build.0 = Release|Any CPU
		{D397E560-F3FA-777A-B3AE-4EA2322F22B2}.Debug|Any CPU.ActiveCfg = Debug|Any CPU
		{D397E560-F3FA-777A-B3AE-4EA2322F22B2}.Debug|Any CPU.Build.0 = Debug|Any CPU
		{D397E560-F3FA-777A-B3AE-4EA2322F22B2}.Release|Any CPU.ActiveCfg = Release|Any CPU
		{D397E560-F3FA-777A-B3AE-4EA2322F22B2}.Release|Any CPU.Build.0 = Release|Any CPU
		{9DB8FA68-9DDE-ACCB-82E6-26A73F076EC0}.Debug|Any CPU.ActiveCfg = Debug|Any CPU
		{9DB8FA68-9DDE-ACCB-82E6-26A73F076EC0}.Debug|Any CPU.Build.0 = Debug|Any CPU
		{9DB8FA68-9DDE-ACCB-82E6-26A73F076EC0}.Release|Any CPU.ActiveCfg = Release|Any CPU
		{9DB8FA68-9DDE-ACCB-82E6-26A73F076EC0}.Release|Any CPU.Build.0 = Release|Any CPU
		{53C0D2EB-D078-74D3-EC86-930A271A8905}.Debug|Any CPU.ActiveCfg = Debug|Any CPU
		{53C0D2EB-D078-74D3-EC86-930A271A8905}.Debug|Any CPU.Build.0 = Debug|Any CPU
		{53C0D2EB-D078-74D3-EC86-930A271A8905}.Release|Any CPU.ActiveCfg = Release|Any CPU
		{53C0D2EB-D078-74D3-EC86-930A271A8905}.Release|Any CPU.Build.0 = Release|Any CPU
		{6D863004-41C0-8025-0D77-A3E107A708B5}.Debug|Any CPU.ActiveCfg = Debug|Any CPU
		{6D863004-41C0-8025-0D77-A3E107A708B5}.Debug|Any CPU.Build.0 = Debug|Any CPU
		{6D863004-41C0-8025-0D77-A3E107A708B5}.Release|Any CPU.ActiveCfg = Release|Any CPU
		{6D863004-41C0-8025-0D77-A3E107A708B5}.Release|Any CPU.Build.0 = Release|Any CPU
		{29B6E014-835A-D71F-22A9-5810ED9B5362}.Debug|Any CPU.ActiveCfg = Debug|Any CPU
		{29B6E014-835A-D71F-22A9-5810ED9B5362}.Debug|Any CPU.Build.0 = Debug|Any CPU
		{29B6E014-835A-D71F-22A9-5810ED9B5362}.Release|Any CPU.ActiveCfg = Release|Any CPU
		{29B6E014-835A-D71F-22A9-5810ED9B5362}.Release|Any CPU.Build.0 = Release|Any CPU
		{1BE559B4-3BDB-D094-6F3C-7F41F05BFFDD}.Debug|Any CPU.ActiveCfg = Debug|Any CPU
		{1BE559B4-3BDB-D094-6F3C-7F41F05BFFDD}.Debug|Any CPU.Build.0 = Debug|Any CPU
		{1BE559B4-3BDB-D094-6F3C-7F41F05BFFDD}.Release|Any CPU.ActiveCfg = Release|Any CPU
		{1BE559B4-3BDB-D094-6F3C-7F41F05BFFDD}.Release|Any CPU.Build.0 = Release|Any CPU
		{5EB30014-F97F-03FE-B5B8-BFF4A24E8001}.Debug|Any CPU.ActiveCfg = Debug|Any CPU
		{5EB30014-F97F-03FE-B5B8-BFF4A24E8001}.Debug|Any CPU.Build.0 = Debug|Any CPU
		{5EB30014-F97F-03FE-B5B8-BFF4A24E8001}.Release|Any CPU.ActiveCfg = Release|Any CPU
		{5EB30014-F97F-03FE-B5B8-BFF4A24E8001}.Release|Any CPU.Build.0 = Release|Any CPU
		{44B5E2B7-0528-CC07-22D0-74411CDF7A24}.Debug|Any CPU.ActiveCfg = Debug|Any CPU
		{44B5E2B7-0528-CC07-22D0-74411CDF7A24}.Debug|Any CPU.Build.0 = Debug|Any CPU
		{44B5E2B7-0528-CC07-22D0-74411CDF7A24}.Release|Any CPU.ActiveCfg = Release|Any CPU
		{44B5E2B7-0528-CC07-22D0-74411CDF7A24}.Release|Any CPU.Build.0 = Release|Any CPU
		{2086264E-A231-BC76-D723-553A5FB62793}.Debug|Any CPU.ActiveCfg = Debug|Any CPU
		{2086264E-A231-BC76-D723-553A5FB62793}.Debug|Any CPU.Build.0 = Debug|Any CPU
		{2086264E-A231-BC76-D723-553A5FB62793}.Release|Any CPU.ActiveCfg = Release|Any CPU
		{2086264E-A231-BC76-D723-553A5FB62793}.Release|Any CPU.Build.0 = Release|Any CPU
		{D900C33D-7B8C-7EB8-C057-002C9BB354A9}.Debug|Any CPU.ActiveCfg = Debug|Any CPU
		{D900C33D-7B8C-7EB8-C057-002C9BB354A9}.Debug|Any CPU.Build.0 = Debug|Any CPU
		{D900C33D-7B8C-7EB8-C057-002C9BB354A9}.Release|Any CPU.ActiveCfg = Release|Any CPU
		{D900C33D-7B8C-7EB8-C057-002C9BB354A9}.Release|Any CPU.Build.0 = Release|Any CPU
		{52D9FC8B-612C-D777-4CF1-F8AFEBE8CE46}.Debug|Any CPU.ActiveCfg = Debug|Any CPU
		{52D9FC8B-612C-D777-4CF1-F8AFEBE8CE46}.Debug|Any CPU.Build.0 = Debug|Any CPU
		{52D9FC8B-612C-D777-4CF1-F8AFEBE8CE46}.Release|Any CPU.ActiveCfg = Release|Any CPU
		{52D9FC8B-612C-D777-4CF1-F8AFEBE8CE46}.Release|Any CPU.Build.0 = Release|Any CPU
		{0F95C284-417D-F059-EA5B-D6B6553167DE}.Debug|Any CPU.ActiveCfg = Debug|Any CPU
		{0F95C284-417D-F059-EA5B-D6B6553167DE}.Debug|Any CPU.Build.0 = Debug|Any CPU
		{0F95C284-417D-F059-EA5B-D6B6553167DE}.Release|Any CPU.ActiveCfg = Release|Any CPU
		{0F95C284-417D-F059-EA5B-D6B6553167DE}.Release|Any CPU.Build.0 = Release|Any CPU
		{2B1C8663-7E5E-5BFC-7700-C057C3ADE14B}.Debug|Any CPU.ActiveCfg = Debug|Any CPU
		{2B1C8663-7E5E-5BFC-7700-C057C3ADE14B}.Debug|Any CPU.Build.0 = Debug|Any CPU
		{2B1C8663-7E5E-5BFC-7700-C057C3ADE14B}.Release|Any CPU.ActiveCfg = Release|Any CPU
		{2B1C8663-7E5E-5BFC-7700-C057C3ADE14B}.Release|Any CPU.Build.0 = Release|Any CPU
		{EE40C66A-F647-8D18-9455-FAB78EC6C098}.Debug|Any CPU.ActiveCfg = Debug|Any CPU
		{EE40C66A-F647-8D18-9455-FAB78EC6C098}.Debug|Any CPU.Build.0 = Debug|Any CPU
		{EE40C66A-F647-8D18-9455-FAB78EC6C098}.Release|Any CPU.ActiveCfg = Release|Any CPU
		{EE40C66A-F647-8D18-9455-FAB78EC6C098}.Release|Any CPU.Build.0 = Release|Any CPU
		{1913C66C-76E6-5E35-2C88-A20CF3C6B8A1}.Debug|Any CPU.ActiveCfg = Debug|Any CPU
		{1913C66C-76E6-5E35-2C88-A20CF3C6B8A1}.Debug|Any CPU.Build.0 = Debug|Any CPU
		{1913C66C-76E6-5E35-2C88-A20CF3C6B8A1}.Release|Any CPU.ActiveCfg = Release|Any CPU
		{1913C66C-76E6-5E35-2C88-A20CF3C6B8A1}.Release|Any CPU.Build.0 = Release|Any CPU
		{D047AACF-11EB-35A3-F7F3-B63B3FB5CB8D}.Debug|Any CPU.ActiveCfg = Debug|Any CPU
		{D047AACF-11EB-35A3-F7F3-B63B3FB5CB8D}.Debug|Any CPU.Build.0 = Debug|Any CPU
		{D047AACF-11EB-35A3-F7F3-B63B3FB5CB8D}.Release|Any CPU.ActiveCfg = Release|Any CPU
		{D047AACF-11EB-35A3-F7F3-B63B3FB5CB8D}.Release|Any CPU.Build.0 = Release|Any CPU
		{D6B7F26E-959E-8F8A-E1A1-866AA2879CAD}.Debug|Any CPU.ActiveCfg = Debug|Any CPU
		{D6B7F26E-959E-8F8A-E1A1-866AA2879CAD}.Debug|Any CPU.Build.0 = Debug|Any CPU
		{D6B7F26E-959E-8F8A-E1A1-866AA2879CAD}.Release|Any CPU.ActiveCfg = Release|Any CPU
		{D6B7F26E-959E-8F8A-E1A1-866AA2879CAD}.Release|Any CPU.Build.0 = Release|Any CPU
		{6F709768-8499-A655-C3EE-C42A5D1D72BC}.Debug|Any CPU.ActiveCfg = Debug|Any CPU
		{6F709768-8499-A655-C3EE-C42A5D1D72BC}.Debug|Any CPU.Build.0 = Debug|Any CPU
		{6F709768-8499-A655-C3EE-C42A5D1D72BC}.Release|Any CPU.ActiveCfg = Release|Any CPU
		{6F709768-8499-A655-C3EE-C42A5D1D72BC}.Release|Any CPU.Build.0 = Release|Any CPU
		{D694816B-987C-1BBD-F83F-A899B9DE8E57}.Debug|Any CPU.ActiveCfg = Debug|Any CPU
		{D694816B-987C-1BBD-F83F-A899B9DE8E57}.Debug|Any CPU.Build.0 = Debug|Any CPU
		{D694816B-987C-1BBD-F83F-A899B9DE8E57}.Release|Any CPU.ActiveCfg = Release|Any CPU
		{D694816B-987C-1BBD-F83F-A899B9DE8E57}.Release|Any CPU.Build.0 = Release|Any CPU
		{D51C40EF-3BBC-6DF7-41B1-2088AD5E0CAF}.Debug|Any CPU.ActiveCfg = Debug|Any CPU
		{D51C40EF-3BBC-6DF7-41B1-2088AD5E0CAF}.Debug|Any CPU.Build.0 = Debug|Any CPU
		{D51C40EF-3BBC-6DF7-41B1-2088AD5E0CAF}.Release|Any CPU.ActiveCfg = Release|Any CPU
		{D51C40EF-3BBC-6DF7-41B1-2088AD5E0CAF}.Release|Any CPU.Build.0 = Release|Any CPU
		{FFED88A3-7A78-C4AF-477E-9625BE6C4051}.Debug|Any CPU.ActiveCfg = Debug|Any CPU
		{FFED88A3-7A78-C4AF-477E-9625BE6C4051}.Debug|Any CPU.Build.0 = Debug|Any CPU
		{FFED88A3-7A78-C4AF-477E-9625BE6C4051}.Release|Any CPU.ActiveCfg = Release|Any CPU
		{FFED88A3-7A78-C4AF-477E-9625BE6C4051}.Release|Any CPU.Build.0 = Release|Any CPU
		{1C737D6F-B101-402B-4BC7-BFC6D309E902}.Debug|Any CPU.ActiveCfg = Debug|Any CPU
		{1C737D6F-B101-402B-4BC7-BFC6D309E902}.Debug|Any CPU.Build.0 = Debug|Any CPU
		{1C737D6F-B101-402B-4BC7-BFC6D309E902}.Release|Any CPU.ActiveCfg = Release|Any CPU
		{1C737D6F-B101-402B-4BC7-BFC6D309E902}.Release|Any CPU.Build.0 = Release|Any CPU
		{146649E2-1EB4-B00E-37B7-3A9B05A2CDC4}.Debug|Any CPU.ActiveCfg = Debug|Any CPU
		{146649E2-1EB4-B00E-37B7-3A9B05A2CDC4}.Debug|Any CPU.Build.0 = Debug|Any CPU
		{146649E2-1EB4-B00E-37B7-3A9B05A2CDC4}.Release|Any CPU.ActiveCfg = Release|Any CPU
		{146649E2-1EB4-B00E-37B7-3A9B05A2CDC4}.Release|Any CPU.Build.0 = Release|Any CPU
		{65FE5818-58A0-8A7C-BEBA-08410CD779DE}.Debug|Any CPU.ActiveCfg = Debug|Any CPU
		{65FE5818-58A0-8A7C-BEBA-08410CD779DE}.Debug|Any CPU.Build.0 = Debug|Any CPU
		{65FE5818-58A0-8A7C-BEBA-08410CD779DE}.Release|Any CPU.ActiveCfg = Release|Any CPU
		{65FE5818-58A0-8A7C-BEBA-08410CD779DE}.Release|Any CPU.Build.0 = Release|Any CPU
		{089B7A92-265B-6271-309D-7D7C511FABA8}.Debug|Any CPU.ActiveCfg = Debug|Any CPU
		{089B7A92-265B-6271-309D-7D7C511FABA8}.Debug|Any CPU.Build.0 = Debug|Any CPU
		{089B7A92-265B-6271-309D-7D7C511FABA8}.Release|Any CPU.ActiveCfg = Release|Any CPU
		{089B7A92-265B-6271-309D-7D7C511FABA8}.Release|Any CPU.Build.0 = Release|Any CPU
		{772C5AE5-6E2E-98D5-A262-D9DD51E7D314}.Debug|Any CPU.ActiveCfg = Debug|Any CPU
		{772C5AE5-6E2E-98D5-A262-D9DD51E7D314}.Debug|Any CPU.Build.0 = Debug|Any CPU
		{772C5AE5-6E2E-98D5-A262-D9DD51E7D314}.Release|Any CPU.ActiveCfg = Release|Any CPU
		{772C5AE5-6E2E-98D5-A262-D9DD51E7D314}.Release|Any CPU.Build.0 = Release|Any CPU
		{45844647-C6BC-A606-AC63-083CA1DDEE65}.Debug|Any CPU.ActiveCfg = Debug|Any CPU
		{45844647-C6BC-A606-AC63-083CA1DDEE65}.Debug|Any CPU.Build.0 = Debug|Any CPU
		{45844647-C6BC-A606-AC63-083CA1DDEE65}.Release|Any CPU.ActiveCfg = Release|Any CPU
		{45844647-C6BC-A606-AC63-083CA1DDEE65}.Release|Any CPU.Build.0 = Release|Any CPU
		{B550887F-E5A2-6B80-7FA6-44FD1C0F578B}.Debug|Any CPU.ActiveCfg = Debug|Any CPU
		{B550887F-E5A2-6B80-7FA6-44FD1C0F578B}.Debug|Any CPU.Build.0 = Debug|Any CPU
		{B550887F-E5A2-6B80-7FA6-44FD1C0F578B}.Release|Any CPU.ActiveCfg = Release|Any CPU
		{B550887F-E5A2-6B80-7FA6-44FD1C0F578B}.Release|Any CPU.Build.0 = Release|Any CPU
		{ECC59DBF-4627-11F8-7EFF-6352F57CE367}.Debug|Any CPU.ActiveCfg = Debug|Any CPU
		{ECC59DBF-4627-11F8-7EFF-6352F57CE367}.Debug|Any CPU.Build.0 = Debug|Any CPU
		{ECC59DBF-4627-11F8-7EFF-6352F57CE367}.Release|Any CPU.ActiveCfg = Release|Any CPU
		{ECC59DBF-4627-11F8-7EFF-6352F57CE367}.Release|Any CPU.Build.0 = Release|Any CPU
		{E1F0B46D-C230-D379-64DD-81DB4F881BD3}.Debug|Any CPU.ActiveCfg = Debug|Any CPU
		{E1F0B46D-C230-D379-64DD-81DB4F881BD3}.Debug|Any CPU.Build.0 = Debug|Any CPU
		{E1F0B46D-C230-D379-64DD-81DB4F881BD3}.Release|Any CPU.ActiveCfg = Release|Any CPU
		{E1F0B46D-C230-D379-64DD-81DB4F881BD3}.Release|Any CPU.Build.0 = Release|Any CPU
		{33CD133F-5161-A5A6-D106-C6D4E5F777EE}.Debug|Any CPU.ActiveCfg = Debug|Any CPU
		{33CD133F-5161-A5A6-D106-C6D4E5F777EE}.Debug|Any CPU.Build.0 = Debug|Any CPU
		{33CD133F-5161-A5A6-D106-C6D4E5F777EE}.Release|Any CPU.ActiveCfg = Release|Any CPU
		{33CD133F-5161-A5A6-D106-C6D4E5F777EE}.Release|Any CPU.Build.0 = Release|Any CPU
		{CE8C64AE-B249-5792-0D51-A09FA88FD940}.Debug|Any CPU.ActiveCfg = Debug|Any CPU
		{CE8C64AE-B249-5792-0D51-A09FA88FD940}.Debug|Any CPU.Build.0 = Debug|Any CPU
		{CE8C64AE-B249-5792-0D51-A09FA88FD940}.Release|Any CPU.ActiveCfg = Release|Any CPU
		{CE8C64AE-B249-5792-0D51-A09FA88FD940}.Release|Any CPU.Build.0 = Release|Any CPU
		{F2C9B08D-9787-F153-897E-7301A935D36A}.Debug|Any CPU.ActiveCfg = Debug|Any CPU
		{F2C9B08D-9787-F153-897E-7301A935D36A}.Debug|Any CPU.Build.0 = Debug|Any CPU
		{F2C9B08D-9787-F153-897E-7301A935D36A}.Release|Any CPU.ActiveCfg = Release|Any CPU
		{F2C9B08D-9787-F153-897E-7301A935D36A}.Release|Any CPU.Build.0 = Release|Any CPU
		{FAE6C2EB-999A-9A76-993E-3EAB9DA40D22}.Debug|Any CPU.ActiveCfg = Debug|Any CPU
		{FAE6C2EB-999A-9A76-993E-3EAB9DA40D22}.Debug|Any CPU.Build.0 = Debug|Any CPU
		{FAE6C2EB-999A-9A76-993E-3EAB9DA40D22}.Release|Any CPU.ActiveCfg = Release|Any CPU
		{FAE6C2EB-999A-9A76-993E-3EAB9DA40D22}.Release|Any CPU.Build.0 = Release|Any CPU
		{C5B5B287-7A7F-2762-6EB4-824E6AB7EEB1}.Debug|Any CPU.ActiveCfg = Debug|Any CPU
		{C5B5B287-7A7F-2762-6EB4-824E6AB7EEB1}.Debug|Any CPU.Build.0 = Debug|Any CPU
		{C5B5B287-7A7F-2762-6EB4-824E6AB7EEB1}.Release|Any CPU.ActiveCfg = Release|Any CPU
		{C5B5B287-7A7F-2762-6EB4-824E6AB7EEB1}.Release|Any CPU.Build.0 = Release|Any CPU
		{C08E53D1-4630-32D5-DEA6-FB1B15F99F9A}.Debug|Any CPU.ActiveCfg = Debug|Any CPU
		{C08E53D1-4630-32D5-DEA6-FB1B15F99F9A}.Debug|Any CPU.Build.0 = Debug|Any CPU
		{C08E53D1-4630-32D5-DEA6-FB1B15F99F9A}.Release|Any CPU.ActiveCfg = Release|Any CPU
		{C08E53D1-4630-32D5-DEA6-FB1B15F99F9A}.Release|Any CPU.Build.0 = Release|Any CPU
		{42DACE13-C93D-901E-5DEC-97A4D10452E3}.Debug|Any CPU.ActiveCfg = Debug|Any CPU
		{42DACE13-C93D-901E-5DEC-97A4D10452E3}.Debug|Any CPU.Build.0 = Debug|Any CPU
		{42DACE13-C93D-901E-5DEC-97A4D10452E3}.Release|Any CPU.ActiveCfg = Release|Any CPU
		{42DACE13-C93D-901E-5DEC-97A4D10452E3}.Release|Any CPU.Build.0 = Release|Any CPU
		{71259D1C-3ECF-DBC2-28E4-2CE2C3896850}.Debug|Any CPU.ActiveCfg = Debug|Any CPU
		{71259D1C-3ECF-DBC2-28E4-2CE2C3896850}.Debug|Any CPU.Build.0 = Debug|Any CPU
		{71259D1C-3ECF-DBC2-28E4-2CE2C3896850}.Release|Any CPU.ActiveCfg = Release|Any CPU
		{71259D1C-3ECF-DBC2-28E4-2CE2C3896850}.Release|Any CPU.Build.0 = Release|Any CPU
		{4D164B88-DE8C-9794-6C20-9D8E85D5568E}.Debug|Any CPU.ActiveCfg = Debug|Any CPU
		{4D164B88-DE8C-9794-6C20-9D8E85D5568E}.Debug|Any CPU.Build.0 = Debug|Any CPU
		{4D164B88-DE8C-9794-6C20-9D8E85D5568E}.Release|Any CPU.ActiveCfg = Release|Any CPU
		{4D164B88-DE8C-9794-6C20-9D8E85D5568E}.Release|Any CPU.Build.0 = Release|Any CPU
		{0D55DFC4-8694-7A41-A301-C80A110B6705}.Debug|Any CPU.ActiveCfg = Debug|Any CPU
		{0D55DFC4-8694-7A41-A301-C80A110B6705}.Debug|Any CPU.Build.0 = Debug|Any CPU
		{0D55DFC4-8694-7A41-A301-C80A110B6705}.Release|Any CPU.ActiveCfg = Release|Any CPU
		{0D55DFC4-8694-7A41-A301-C80A110B6705}.Release|Any CPU.Build.0 = Release|Any CPU
		{4731657C-12DE-A05A-294A-68F2DEBAFD72}.Debug|Any CPU.ActiveCfg = Debug|Any CPU
		{4731657C-12DE-A05A-294A-68F2DEBAFD72}.Debug|Any CPU.Build.0 = Debug|Any CPU
		{4731657C-12DE-A05A-294A-68F2DEBAFD72}.Release|Any CPU.ActiveCfg = Release|Any CPU
		{4731657C-12DE-A05A-294A-68F2DEBAFD72}.Release|Any CPU.Build.0 = Release|Any CPU
		{175E4EA4-0F8D-545C-BCBB-11F95A5C65B5}.Debug|Any CPU.ActiveCfg = Debug|Any CPU
		{175E4EA4-0F8D-545C-BCBB-11F95A5C65B5}.Debug|Any CPU.Build.0 = Debug|Any CPU
		{175E4EA4-0F8D-545C-BCBB-11F95A5C65B5}.Release|Any CPU.ActiveCfg = Release|Any CPU
		{175E4EA4-0F8D-545C-BCBB-11F95A5C65B5}.Release|Any CPU.Build.0 = Release|Any CPU
		{7CF289C3-7C91-9331-AA67-B927E52A1E91}.Debug|Any CPU.ActiveCfg = Debug|Any CPU
		{7CF289C3-7C91-9331-AA67-B927E52A1E91}.Debug|Any CPU.Build.0 = Debug|Any CPU
		{7CF289C3-7C91-9331-AA67-B927E52A1E91}.Release|Any CPU.ActiveCfg = Release|Any CPU
		{7CF289C3-7C91-9331-AA67-B927E52A1E91}.Release|Any CPU.Build.0 = Release|Any CPU
		{B8366DB3-8857-E510-B5A7-F722D5B8AA1A}.Debug|Any CPU.ActiveCfg = Debug|Any CPU
		{B8366DB3-8857-E510-B5A7-F722D5B8AA1A}.Debug|Any CPU.Build.0 = Debug|Any CPU
		{B8366DB3-8857-E510-B5A7-F722D5B8AA1A}.Release|Any CPU.ActiveCfg = Release|Any CPU
		{B8366DB3-8857-E510-B5A7-F722D5B8AA1A}.Release|Any CPU.Build.0 = Release|Any CPU
		{A9C48373-8519-8077-9FF3-8C1260F8B255}.Debug|Any CPU.ActiveCfg = Debug|Any CPU
		{A9C48373-8519-8077-9FF3-8C1260F8B255}.Debug|Any CPU.Build.0 = Debug|Any CPU
		{A9C48373-8519-8077-9FF3-8C1260F8B255}.Release|Any CPU.ActiveCfg = Release|Any CPU
		{A9C48373-8519-8077-9FF3-8C1260F8B255}.Release|Any CPU.Build.0 = Release|Any CPU
	EndGlobalSection
	GlobalSection(SolutionProperties) = preSolution
		HideSolutionNode = FALSE
	EndGlobalSection
EndGlobal
